schema: '2.0'
stages:
  data_ingestion:
    cmd: python src/data_ingestion.py
    deps:
    - path: src/data_ingestion.py
      hash: md5
      md5: 83d31868286e163b0f9ac82e149eb7c7
      size: 3560
    params:
      params.yaml:
        data_ingestion.test_size: 0.15
    outs:
    - path: data/raw
      hash: md5
      md5: a15ba66afdf82f8659b031b175286ed3.dir
      size: 484846
      nfiles: 2
  PreProcessing:
    cmd: python src/PreProcessing.py
    deps:
    - path: data/raw
      hash: md5
      md5: a15ba66afdf82f8659b031b175286ed3.dir
      size: 484846
      nfiles: 2
    - path: src/PreProcessing.py
      hash: md5
      md5: f823f24107b6420b5916f2bdb8f3a0d4
      size: 3972
    outs:
    - path: data/interim
      hash: md5
      md5: 60a6fff4e80508df65a68e383fa2725e.dir
      size: 259164
      nfiles: 2
  feature_engineering:
    cmd: python src/feature_engineering.py
    deps:
    - path: data/interim
      hash: md5
      md5: 60a6fff4e80508df65a68e383fa2725e.dir
      size: 259164
      nfiles: 2
    - path: src/feature_engineering.py
      hash: md5
      md5: e2c7310a0a0040402323e6a9e56805b8
      size: 3871
    params:
      params.yaml:
        feature_engineering.max_features: 40
    outs:
    - path: data/processed
      hash: md5
      md5: fceb43e727433ca548bb3fc2d2d287bb.dir
      size: 947924
      nfiles: 2
  model_training:
    cmd: python src/model_training.py
    deps:
    - path: data/processed
      hash: md5
      md5: fceb43e727433ca548bb3fc2d2d287bb.dir
      size: 947924
      nfiles: 2
    - path: src/model_training.py
      hash: md5
      md5: bde2150bd1d6616058808b7d2fd87010
      size: 4365
    params:
      params.yaml:
        model_training.n_estimators: 20
        model_training.random_state: 2
    outs:
    - path: models/model.pkl
      hash: md5
      md5: 837de11c070c32c273a1cac6f52b04a6
      size: 711062
  model_evalution:
    cmd: python src/model_evalution.py
    deps:
    - path: models/model.pkl
      hash: md5
      md5: 837de11c070c32c273a1cac6f52b04a6
      size: 711062
    - path: src/model_evalution.py
      hash: md5
      md5: 48464e39b266bb22f17fcd7206febb0d
      size: 3597
    outs:
    - path: reports/metrics.json
      hash: md5
      md5: 8043225cc134f458ce0157cde0fe7434
      size: 145
