schema: '2.0'
stages:
  data_ingestion:
    cmd: python src/data_ingestion.py
    deps:
    - path: src/data_ingestion.py
      hash: md5
      md5: 960684c8274870316b6dfb8768003435
      size: 2871
    outs:
    - path: data/raw
      hash: md5
      md5: 1a287d34dc172d9f950c03dae35f7e73.dir
      size: 484846
      nfiles: 2
  PreProcessing:
    cmd: python src/PreProcessing.py
    deps:
    - path: data/raw
      hash: md5
      md5: 1a287d34dc172d9f950c03dae35f7e73.dir
      size: 484846
      nfiles: 2
    - path: src/PreProcessing.py
      hash: md5
      md5: f823f24107b6420b5916f2bdb8f3a0d4
      size: 3972
    outs:
    - path: data/interim
      hash: md5
      md5: d99be5cb2b019d747166f90739fa6d08.dir
      size: 260073
      nfiles: 2
  feature_engineering:
    cmd: python src/feature_engineering.py
    deps:
    - path: data/interim
      hash: md5
      md5: d99be5cb2b019d747166f90739fa6d08.dir
      size: 260073
      nfiles: 2
    - path: src/feature_engineering.py
      hash: md5
      md5: 6e53fa519a19d0dc71d6834f7351f951
      size: 3184
    outs:
    - path: data/processed
      hash: md5
      md5: 75e218e1ef3eca0fbee7bf147502a2e7.dir
      size: 1179996
      nfiles: 2
  model_training:
    cmd: python src/model_training.py
    deps:
    - path: data/processed
      hash: md5
      md5: 75e218e1ef3eca0fbee7bf147502a2e7.dir
      size: 1179996
      nfiles: 2
    - path: src/model_training.py
      hash: md5
      md5: 0d6a4a8cf72884c13baee34e56265623
      size: 3799
    outs:
    - path: models/model.pkl
      hash: md5
      md5: 7385b7e910c4db2087d7ed59b8e21488
      size: 998455
  model_evalution:
    cmd: python src/model_evalution.py
    deps:
    - path: models/model.pkl
      hash: md5
      md5: 7385b7e910c4db2087d7ed59b8e21488
      size: 998455
    - path: src/model_evalution.py
      hash: md5
      md5: 48464e39b266bb22f17fcd7206febb0d
      size: 3597
    outs:
    - path: reports/metrics.json
      hash: md5
      md5: eac6afc8901064a391e7366797af3727
      size: 145
